
Microsoft Visual Studio Solution File, Format Version 12.00
# Visual Studio Version 17
VisualStudioVersion = 17.4.33103.184
MinimumVisualStudioVersion = 10.0.40219.1
Project("{FAE04EC0-301F-11D3-BF4B-00C04F79EFBC}") = "employeeMVC", "employeeMVC\employeeMVC.csproj", "{F1573FE3-EFCC-4081-A1BC-8FD9742817FE}"
EndProject
Global
	GlobalSection(SolutionConfigurationPlatforms) = preSolution
		Debug|Any CPU = Debug|Any CPU
		Release|Any CPU = Release|Any CPU
	EndGlobalSection
	GlobalSection(ProjectConfigurationPlatforms) = postSolution
		{F1573FE3-EFCC-4081-A1BC-8FD9742817FE}.Debug|Any CPU.ActiveCfg = Debug|Any CPU
		{F1573FE3-EFCC-4081-A1BC-8FD9742817FE}.Debug|Any CPU.Build.0 = Debug|Any CPU
		{F1573FE3-EFCC-4081-A1BC-8FD9742817FE}.Release|Any CPU.ActiveCfg = Release|Any CPU
		{F1573FE3-EFCC-4081-A1BC-8FD9742817FE}.Release|Any CPU.Build.0 = Release|Any CPU
	EndGlobalSection
	GlobalSection(SolutionProperties) = preSolution
		HideSolutionNode = FALSE
	EndGlobalSection
	GlobalSection(ExtensibilityGlobals) = postSolution
		SolutionGuid = {14A1761B-E0F8-4494-AB8C-C3EF95857D27}
	EndGlobalSection
EndGlobal
