
Microsoft Visual Studio Solution File, Format Version 12.00
# Visual Studio Version 17
VisualStudioVersion = 17.4.33103.184
MinimumVisualStudioVersion = 10.0.40219.1
Project("{FAE04EC0-301F-11D3-BF4B-00C04F79EFBC}") = "apicalls_httpclient", "apicalls_httpclient\apicalls_httpclient.csproj", "{228449F2-371F-4F7A-A853-75E4849F21F2}"
EndProject
Global
	GlobalSection(SolutionConfigurationPlatforms) = preSolution
		Debug|Any CPU = Debug|Any CPU
		Release|Any CPU = Release|Any CPU
	EndGlobalSection
	GlobalSection(ProjectConfigurationPlatforms) = postSolution
		{228449F2-371F-4F7A-A853-75E4849F21F2}.Debug|Any CPU.ActiveCfg = Debug|Any CPU
		{228449F2-371F-4F7A-A853-75E4849F21F2}.Debug|Any CPU.Build.0 = Debug|Any CPU
		{228449F2-371F-4F7A-A853-75E4849F21F2}.Release|Any CPU.ActiveCfg = Release|Any CPU
		{228449F2-371F-4F7A-A853-75E4849F21F2}.Release|Any CPU.Build.0 = Release|Any CPU
	EndGlobalSection
	GlobalSection(SolutionProperties) = preSolution
		HideSolutionNode = FALSE
	EndGlobalSection
	GlobalSection(ExtensibilityGlobals) = postSolution
		SolutionGuid = {3605A1A7-FC9B-457C-892E-4ED1F5E92A66}
	EndGlobalSection
EndGlobal
